
Microsoft Visual Studio Solution File, Format Version 12.00
# Visual Studio Version 16
VisualStudioVersion = 16.0.31729.503
MinimumVisualStudioVersion = 10.0.40219.1
Project("{9A19103F-16F7-4668-BE54-9A1E7A4F7556}") = "TestiApp", "TestiApp\TestiApp.csproj", "{D708117B-5CBB-4E47-B706-B6D4FA562BF7}"
EndProject
Project("{9A19103F-16F7-4668-BE54-9A1E7A4F7556}") = "harjoitus1", "harjoitus1\harjoitus1.csproj", "{7B1049D2-7E2D-485E-9171-B6B2CBC49F2A}"
EndProject
Project("{9A19103F-16F7-4668-BE54-9A1E7A4F7556}") = "Harjoitus2", "Harjoitus2\Harjoitus2.csproj", "{D55EF84E-BF8F-47B3-BD58-B80C34E9D9B0}"
EndProject
Project("{9A19103F-16F7-4668-BE54-9A1E7A4F7556}") = "harjoitus3", "harjoitus3\harjoitus3.csproj", "{29F1B3E7-0E68-45C5-B3C7-A6FC38197A18}"
EndProject
Project("{9A19103F-16F7-4668-BE54-9A1E7A4F7556}") = "harjoitus4", "harjoitus4\harjoitus4.csproj", "{DF492DF5-3F0E-4F83-BE87-A53D00CB704B}"
EndProject
Project("{FAE04EC0-301F-11D3-BF4B-00C04F79EFBC}") = "static esimerkki", "static esimerkki\static esimerkki.csproj", "{45B083B2-253A-4E5A-9A74-89837D4B6FF1}"
EndProject
Project("{FAE04EC0-301F-11D3-BF4B-00C04F79EFBC}") = "Harjoitus 5", "Harjoitus 5\Harjoitus 5.csproj", "{43E905A2-4C02-445B-81FD-37BFB72DB11D}"
EndProject
Project("{FAE04EC0-301F-11D3-BF4B-00C04F79EFBC}") = "perintä", "perintä\perintä.csproj", "{83674364-6ED9-4360-A35E-4903AE0CB4F4}"
EndProject
Project("{FAE04EC0-301F-11D3-BF4B-00C04F79EFBC}") = "Abstraktisuus", "Abstraktisuus\Abstraktisuus.csproj", "{D1AFA246-6ACD-4001-9D96-F71E801A2BA2}"
EndProject
Project("{FAE04EC0-301F-11D3-BF4B-00C04F79EFBC}") = "harjoitus 6", "harjoitus 6\harjoitus 6.csproj", "{847B11D2-F5F0-45CA-A2A4-431C27D454F5}"
EndProject
Project("{FAE04EC0-301F-11D3-BF4B-00C04F79EFBC}") = "harjoitus 8", "harjoitus 8\harjoitus 8.csproj", "{A59F08F5-FA4D-4C34-9C28-F491180F60F8}"
EndProject
Project("{FAE04EC0-301F-11D3-BF4B-00C04F79EFBC}") = "harjoitus7", "harjoitus7\harjoitus7.csproj", "{50E042BA-28EF-4238-9526-9FF2B32CBBB7}"
EndProject
Global
	GlobalSection(SolutionConfigurationPlatforms) = preSolution
		Debug|Any CPU = Debug|Any CPU
		Release|Any CPU = Release|Any CPU
	EndGlobalSection
	GlobalSection(ProjectConfigurationPlatforms) = postSolution
		{D708117B-5CBB-4E47-B706-B6D4FA562BF7}.Debug|Any CPU.ActiveCfg = Debug|Any CPU
		{D708117B-5CBB-4E47-B706-B6D4FA562BF7}.Debug|Any CPU.Build.0 = Debug|Any CPU
		{D708117B-5CBB-4E47-B706-B6D4FA562BF7}.Release|Any CPU.ActiveCfg = Release|Any CPU
		{D708117B-5CBB-4E47-B706-B6D4FA562BF7}.Release|Any CPU.Build.0 = Release|Any CPU
		{7B1049D2-7E2D-485E-9171-B6B2CBC49F2A}.Debug|Any CPU.ActiveCfg = Debug|Any CPU
		{7B1049D2-7E2D-485E-9171-B6B2CBC49F2A}.Debug|Any CPU.Build.0 = Debug|Any CPU
		{7B1049D2-7E2D-485E-9171-B6B2CBC49F2A}.Release|Any CPU.ActiveCfg = Release|Any CPU
		{7B1049D2-7E2D-485E-9171-B6B2CBC49F2A}.Release|Any CPU.Build.0 = Release|Any CPU
		{D55EF84E-BF8F-47B3-BD58-B80C34E9D9B0}.Debug|Any CPU.ActiveCfg = Debug|Any CPU
		{D55EF84E-BF8F-47B3-BD58-B80C34E9D9B0}.Debug|Any CPU.Build.0 = Debug|Any CPU
		{D55EF84E-BF8F-47B3-BD58-B80C34E9D9B0}.Release|Any CPU.ActiveCfg = Release|Any CPU
		{D55EF84E-BF8F-47B3-BD58-B80C34E9D9B0}.Release|Any CPU.Build.0 = Release|Any CPU
		{29F1B3E7-0E68-45C5-B3C7-A6FC38197A18}.Debug|Any CPU.ActiveCfg = Debug|Any CPU
		{29F1B3E7-0E68-45C5-B3C7-A6FC38197A18}.Debug|Any CPU.Build.0 = Debug|Any CPU
		{29F1B3E7-0E68-45C5-B3C7-A6FC38197A18}.Release|Any CPU.ActiveCfg = Release|Any CPU
		{29F1B3E7-0E68-45C5-B3C7-A6FC38197A18}.Release|Any CPU.Build.0 = Release|Any CPU
		{DF492DF5-3F0E-4F83-BE87-A53D00CB704B}.Debug|Any CPU.ActiveCfg = Debug|Any CPU
		{DF492DF5-3F0E-4F83-BE87-A53D00CB704B}.Debug|Any CPU.Build.0 = Debug|Any CPU
		{DF492DF5-3F0E-4F83-BE87-A53D00CB704B}.Release|Any CPU.ActiveCfg = Release|Any CPU
		{DF492DF5-3F0E-4F83-BE87-A53D00CB704B}.Release|Any CPU.Build.0 = Release|Any CPU
		{45B083B2-253A-4E5A-9A74-89837D4B6FF1}.Debug|Any CPU.ActiveCfg = Debug|Any CPU
		{45B083B2-253A-4E5A-9A74-89837D4B6FF1}.Debug|Any CPU.Build.0 = Debug|Any CPU
		{45B083B2-253A-4E5A-9A74-89837D4B6FF1}.Release|Any CPU.ActiveCfg = Release|Any CPU
		{45B083B2-253A-4E5A-9A74-89837D4B6FF1}.Release|Any CPU.Build.0 = Release|Any CPU
		{43E905A2-4C02-445B-81FD-37BFB72DB11D}.Debug|Any CPU.ActiveCfg = Debug|Any CPU
		{43E905A2-4C02-445B-81FD-37BFB72DB11D}.Debug|Any CPU.Build.0 = Debug|Any CPU
		{43E905A2-4C02-445B-81FD-37BFB72DB11D}.Release|Any CPU.ActiveCfg = Release|Any CPU
		{43E905A2-4C02-445B-81FD-37BFB72DB11D}.Release|Any CPU.Build.0 = Release|Any CPU
		{83674364-6ED9-4360-A35E-4903AE0CB4F4}.Debug|Any CPU.ActiveCfg = Debug|Any CPU
		{83674364-6ED9-4360-A35E-4903AE0CB4F4}.Debug|Any CPU.Build.0 = Debug|Any CPU
		{83674364-6ED9-4360-A35E-4903AE0CB4F4}.Release|Any CPU.ActiveCfg = Release|Any CPU
		{83674364-6ED9-4360-A35E-4903AE0CB4F4}.Release|Any CPU.Build.0 = Release|Any CPU
		{D1AFA246-6ACD-4001-9D96-F71E801A2BA2}.Debug|Any CPU.ActiveCfg = Debug|Any CPU
		{D1AFA246-6ACD-4001-9D96-F71E801A2BA2}.Debug|Any CPU.Build.0 = Debug|Any CPU
		{D1AFA246-6ACD-4001-9D96-F71E801A2BA2}.Release|Any CPU.ActiveCfg = Release|Any CPU
		{D1AFA246-6ACD-4001-9D96-F71E801A2BA2}.Release|Any CPU.Build.0 = Release|Any CPU
		{847B11D2-F5F0-45CA-A2A4-431C27D454F5}.Debug|Any CPU.ActiveCfg = Debug|Any CPU
		{847B11D2-F5F0-45CA-A2A4-431C27D454F5}.Debug|Any CPU.Build.0 = Debug|Any CPU
		{847B11D2-F5F0-45CA-A2A4-431C27D454F5}.Release|Any CPU.ActiveCfg = Release|Any CPU
		{847B11D2-F5F0-45CA-A2A4-431C27D454F5}.Release|Any CPU.Build.0 = Release|Any CPU
		{A59F08F5-FA4D-4C34-9C28-F491180F60F8}.Debug|Any CPU.ActiveCfg = Debug|Any CPU
		{A59F08F5-FA4D-4C34-9C28-F491180F60F8}.Debug|Any CPU.Build.0 = Debug|Any CPU
		{A59F08F5-FA4D-4C34-9C28-F491180F60F8}.Release|Any CPU.ActiveCfg = Release|Any CPU
		{A59F08F5-FA4D-4C34-9C28-F491180F60F8}.Release|Any CPU.Build.0 = Release|Any CPU
		{50E042BA-28EF-4238-9526-9FF2B32CBBB7}.Debug|Any CPU.ActiveCfg = Debug|Any CPU
		{50E042BA-28EF-4238-9526-9FF2B32CBBB7}.Debug|Any CPU.Build.0 = Debug|Any CPU
		{50E042BA-28EF-4238-9526-9FF2B32CBBB7}.Release|Any CPU.ActiveCfg = Release|Any CPU
		{50E042BA-28EF-4238-9526-9FF2B32CBBB7}.Release|Any CPU.Build.0 = Release|Any CPU
	EndGlobalSection
	GlobalSection(SolutionProperties) = preSolution
		HideSolutionNode = FALSE
	EndGlobalSection
	GlobalSection(ExtensibilityGlobals) = postSolution
		SolutionGuid = {17A50C52-D1B2-46E2-95F9-7A2BEB5A4808}
	EndGlobalSection
EndGlobal
