
Microsoft Visual Studio Solution File, Format Version 12.00
# Visual Studio Version 16
VisualStudioVersion = 16.0.31729.503
MinimumVisualStudioVersion = 10.0.40219.1
Project("{9A19103F-16F7-4668-BE54-9A1E7A4F7556}") = "TestiApp", "TestiApp\TestiApp.csproj", "{D708117B-5CBB-4E47-B706-B6D4FA562BF7}"
EndProject
Project("{9A19103F-16F7-4668-BE54-9A1E7A4F7556}") = "harjoitus1", "harjoitus1\harjoitus1.csproj", "{7B1049D2-7E2D-485E-9171-B6B2CBC49F2A}"
EndProject
Project("{9A19103F-16F7-4668-BE54-9A1E7A4F7556}") = "Harjoitus2", "Harjoitus2\Harjoitus2.csproj", "{D55EF84E-BF8F-47B3-BD58-B80C34E9D9B0}"
EndProject
Project("{9A19103F-16F7-4668-BE54-9A1E7A4F7556}") = "harjoitus3", "harjoitus3\harjoitus3.csproj", "{29F1B3E7-0E68-45C5-B3C7-A6FC38197A18}"
EndProject
Project("{9A19103F-16F7-4668-BE54-9A1E7A4F7556}") = "harjoitus4", "harjoitus4\harjoitus4.csproj", "{DF492DF5-3F0E-4F83-BE87-A53D00CB704B}"
EndProject
Project("{9A19103F-16F7-4668-BE54-9A1E7A4F7556}") = "static esimerkki", "static esimerkki\static esimerkki.csproj", "{45B083B2-253A-4E5A-9A74-89837D4B6FF1}"
EndProject
Project("{9A19103F-16F7-4668-BE54-9A1E7A4F7556}") = "Harjoitus 5", "Harjoitus 5\Harjoitus 5.csproj", "{43E905A2-4C02-445B-81FD-37BFB72DB11D}"
EndProject
Project("{9A19103F-16F7-4668-BE54-9A1E7A4F7556}") = "perintä", "perintä\perintä.csproj", "{83674364-6ED9-4360-A35E-4903AE0CB4F4}"
EndProject
Project("{9A19103F-16F7-4668-BE54-9A1E7A4F7556}") = "Abstraktisuus", "Abstraktisuus\Abstraktisuus.csproj", "{D1AFA246-6ACD-4001-9D96-F71E801A2BA2}"
EndProject
Project("{9A19103F-16F7-4668-BE54-9A1E7A4F7556}") = "harjoitus 6", "harjoitus 6\harjoitus 6.csproj", "{847B11D2-F5F0-45CA-A2A4-431C27D454F5}"
EndProject
Project("{9A19103F-16F7-4668-BE54-9A1E7A4F7556}") = "harjoitus 8", "harjoitus 8\harjoitus 8.csproj", "{A59F08F5-FA4D-4C34-9C28-F491180F60F8}"
EndProject
Project("{9A19103F-16F7-4668-BE54-9A1E7A4F7556}") = "harjoitus7", "harjoitus7\harjoitus7.csproj", "{50E042BA-28EF-4238-9526-9FF2B32CBBB7}"
EndProject
Project("{9A19103F-16F7-4668-BE54-9A1E7A4F7556}") = "harjoitus 9 Radio", "harjoitus 9 Radio\harjoitus 9 Radio.csproj", "{A2FD97F3-5174-4E26-BC3A-574907F3405F}"
EndProject
Project("{9A19103F-16F7-4668-BE54-9A1E7A4F7556}") = "Harjoitus 9 (2)", "Harjoitus 9 (2)\Harjoitus 9 (2).csproj", "{1993AC40-ED72-4123-A927-F35E740B1AEC}"
EndProject
Project("{9A19103F-16F7-4668-BE54-9A1E7A4F7556}") = "Harjoitus10", "Harjoitus10\Harjoitus10.csproj", "{D8A14347-BE2E-444E-908B-0BE85B50CDA0}"
EndProject
Project("{FAE04EC0-301F-11D3-BF4B-00C04F79EFBC}") = "KokoElmat", "KokoElmat\KokoElmat.csproj", "{03E84E13-706D-4ED6-AD88-326F4147D6D8}"
EndProject
Project("{FAE04EC0-301F-11D3-BF4B-00C04F79EFBC}") = "Harjoitus 11", "Harjoitus 11\Harjoitus 11.csproj", "{BE9C012A-FF93-433E-BC83-33662D09FA87}"
EndProject
Project("{FAE04EC0-301F-11D3-BF4B-00C04F79EFBC}") = "Harjoitus 12", "Harjoitus 12\Harjoitus 12.csproj", "{6C6A5618-F06B-41CF-B0FD-F0575EA00ADB}"
EndProject
Project("{FAE04EC0-301F-11D3-BF4B-00C04F79EFBC}") = "Harjoitus 13", "Harjoitus 13\Harjoitus 13.csproj", "{8EB5D0EB-449A-4DEB-98BE-E28F74FD5D5E}"
EndProject
Project("{FAE04EC0-301F-11D3-BF4B-00C04F79EFBC}") = "Harjoitus 15", "Harjoitus 15\Harjoitus 15.csproj", "{19461E88-51C8-42D5-83B5-275F928573FB}"
EndProject
Project("{FAE04EC0-301F-11D3-BF4B-00C04F79EFBC}") = "Harjoitus16", "Harjoitus16\Harjoitus16.csproj", "{A6C8FB5A-6496-4295-844B-F188B22F3C13}"
EndProject
Project("{FAE04EC0-301F-11D3-BF4B-00C04F79EFBC}") = "Harjoitus 17", "Harjoitus 17\Harjoitus 17.csproj", "{F64B78EB-5166-40D0-A7E0-9CC71E480E60}"
EndProject
Global
	GlobalSection(SolutionConfigurationPlatforms) = preSolution
		Debug|Any CPU = Debug|Any CPU
		Release|Any CPU = Release|Any CPU
	EndGlobalSection
	GlobalSection(ProjectConfigurationPlatforms) = postSolution
		{D708117B-5CBB-4E47-B706-B6D4FA562BF7}.Debug|Any CPU.ActiveCfg = Debug|Any CPU
		{D708117B-5CBB-4E47-B706-B6D4FA562BF7}.Debug|Any CPU.Build.0 = Debug|Any CPU
		{D708117B-5CBB-4E47-B706-B6D4FA562BF7}.Release|Any CPU.ActiveCfg = Release|Any CPU
		{D708117B-5CBB-4E47-B706-B6D4FA562BF7}.Release|Any CPU.Build.0 = Release|Any CPU
		{7B1049D2-7E2D-485E-9171-B6B2CBC49F2A}.Debug|Any CPU.ActiveCfg = Debug|Any CPU
		{7B1049D2-7E2D-485E-9171-B6B2CBC49F2A}.Debug|Any CPU.Build.0 = Debug|Any CPU
		{7B1049D2-7E2D-485E-9171-B6B2CBC49F2A}.Release|Any CPU.ActiveCfg = Release|Any CPU
		{7B1049D2-7E2D-485E-9171-B6B2CBC49F2A}.Release|Any CPU.Build.0 = Release|Any CPU
		{D55EF84E-BF8F-47B3-BD58-B80C34E9D9B0}.Debug|Any CPU.ActiveCfg = Debug|Any CPU
		{D55EF84E-BF8F-47B3-BD58-B80C34E9D9B0}.Debug|Any CPU.Build.0 = Debug|Any CPU
		{D55EF84E-BF8F-47B3-BD58-B80C34E9D9B0}.Release|Any CPU.ActiveCfg = Release|Any CPU
		{D55EF84E-BF8F-47B3-BD58-B80C34E9D9B0}.Release|Any CPU.Build.0 = Release|Any CPU
		{29F1B3E7-0E68-45C5-B3C7-A6FC38197A18}.Debug|Any CPU.ActiveCfg = Debug|Any CPU
		{29F1B3E7-0E68-45C5-B3C7-A6FC38197A18}.Debug|Any CPU.Build.0 = Debug|Any CPU
		{29F1B3E7-0E68-45C5-B3C7-A6FC38197A18}.Release|Any CPU.ActiveCfg = Release|Any CPU
		{29F1B3E7-0E68-45C5-B3C7-A6FC38197A18}.Release|Any CPU.Build.0 = Release|Any CPU
		{DF492DF5-3F0E-4F83-BE87-A53D00CB704B}.Debug|Any CPU.ActiveCfg = Debug|Any CPU
		{DF492DF5-3F0E-4F83-BE87-A53D00CB704B}.Debug|Any CPU.Build.0 = Debug|Any CPU
		{DF492DF5-3F0E-4F83-BE87-A53D00CB704B}.Release|Any CPU.ActiveCfg = Release|Any CPU
		{DF492DF5-3F0E-4F83-BE87-A53D00CB704B}.Release|Any CPU.Build.0 = Release|Any CPU
		{45B083B2-253A-4E5A-9A74-89837D4B6FF1}.Debug|Any CPU.ActiveCfg = Debug|Any CPU
		{45B083B2-253A-4E5A-9A74-89837D4B6FF1}.Debug|Any CPU.Build.0 = Debug|Any CPU
		{45B083B2-253A-4E5A-9A74-89837D4B6FF1}.Release|Any CPU.ActiveCfg = Release|Any CPU
		{45B083B2-253A-4E5A-9A74-89837D4B6FF1}.Release|Any CPU.Build.0 = Release|Any CPU
		{43E905A2-4C02-445B-81FD-37BFB72DB11D}.Debug|Any CPU.ActiveCfg = Debug|Any CPU
		{43E905A2-4C02-445B-81FD-37BFB72DB11D}.Debug|Any CPU.Build.0 = Debug|Any CPU
		{43E905A2-4C02-445B-81FD-37BFB72DB11D}.Release|Any CPU.ActiveCfg = Release|Any CPU
		{43E905A2-4C02-445B-81FD-37BFB72DB11D}.Release|Any CPU.Build.0 = Release|Any CPU
		{83674364-6ED9-4360-A35E-4903AE0CB4F4}.Debug|Any CPU.ActiveCfg = Debug|Any CPU
		{83674364-6ED9-4360-A35E-4903AE0CB4F4}.Debug|Any CPU.Build.0 = Debug|Any CPU
		{83674364-6ED9-4360-A35E-4903AE0CB4F4}.Release|Any CPU.ActiveCfg = Release|Any CPU
		{83674364-6ED9-4360-A35E-4903AE0CB4F4}.Release|Any CPU.Build.0 = Release|Any CPU
		{D1AFA246-6ACD-4001-9D96-F71E801A2BA2}.Debug|Any CPU.ActiveCfg = Debug|Any CPU
		{D1AFA246-6ACD-4001-9D96-F71E801A2BA2}.Debug|Any CPU.Build.0 = Debug|Any CPU
		{D1AFA246-6ACD-4001-9D96-F71E801A2BA2}.Release|Any CPU.ActiveCfg = Release|Any CPU
		{D1AFA246-6ACD-4001-9D96-F71E801A2BA2}.Release|Any CPU.Build.0 = Release|Any CPU
		{847B11D2-F5F0-45CA-A2A4-431C27D454F5}.Debug|Any CPU.ActiveCfg = Debug|Any CPU
		{847B11D2-F5F0-45CA-A2A4-431C27D454F5}.Debug|Any CPU.Build.0 = Debug|Any CPU
		{847B11D2-F5F0-45CA-A2A4-431C27D454F5}.Release|Any CPU.ActiveCfg = Release|Any CPU
		{847B11D2-F5F0-45CA-A2A4-431C27D454F5}.Release|Any CPU.Build.0 = Release|Any CPU
		{A59F08F5-FA4D-4C34-9C28-F491180F60F8}.Debug|Any CPU.ActiveCfg = Debug|Any CPU
		{A59F08F5-FA4D-4C34-9C28-F491180F60F8}.Debug|Any CPU.Build.0 = Debug|Any CPU
		{A59F08F5-FA4D-4C34-9C28-F491180F60F8}.Release|Any CPU.ActiveCfg = Release|Any CPU
		{A59F08F5-FA4D-4C34-9C28-F491180F60F8}.Release|Any CPU.Build.0 = Release|Any CPU
		{50E042BA-28EF-4238-9526-9FF2B32CBBB7}.Debug|Any CPU.ActiveCfg = Debug|Any CPU
		{50E042BA-28EF-4238-9526-9FF2B32CBBB7}.Debug|Any CPU.Build.0 = Debug|Any CPU
		{50E042BA-28EF-4238-9526-9FF2B32CBBB7}.Release|Any CPU.ActiveCfg = Release|Any CPU
		{50E042BA-28EF-4238-9526-9FF2B32CBBB7}.Release|Any CPU.Build.0 = Release|Any CPU
		{A2FD97F3-5174-4E26-BC3A-574907F3405F}.Debug|Any CPU.ActiveCfg = Debug|Any CPU
		{A2FD97F3-5174-4E26-BC3A-574907F3405F}.Debug|Any CPU.Build.0 = Debug|Any CPU
		{A2FD97F3-5174-4E26-BC3A-574907F3405F}.Release|Any CPU.ActiveCfg = Release|Any CPU
		{A2FD97F3-5174-4E26-BC3A-574907F3405F}.Release|Any CPU.Build.0 = Release|Any CPU
		{1993AC40-ED72-4123-A927-F35E740B1AEC}.Debug|Any CPU.ActiveCfg = Debug|Any CPU
		{1993AC40-ED72-4123-A927-F35E740B1AEC}.Debug|Any CPU.Build.0 = Debug|Any CPU
		{1993AC40-ED72-4123-A927-F35E740B1AEC}.Release|Any CPU.ActiveCfg = Release|Any CPU
		{1993AC40-ED72-4123-A927-F35E740B1AEC}.Release|Any CPU.Build.0 = Release|Any CPU
		{D8A14347-BE2E-444E-908B-0BE85B50CDA0}.Debug|Any CPU.ActiveCfg = Debug|Any CPU
		{D8A14347-BE2E-444E-908B-0BE85B50CDA0}.Debug|Any CPU.Build.0 = Debug|Any CPU
		{D8A14347-BE2E-444E-908B-0BE85B50CDA0}.Release|Any CPU.ActiveCfg = Release|Any CPU
		{D8A14347-BE2E-444E-908B-0BE85B50CDA0}.Release|Any CPU.Build.0 = Release|Any CPU
		{03E84E13-706D-4ED6-AD88-326F4147D6D8}.Debug|Any CPU.ActiveCfg = Debug|Any CPU
		{03E84E13-706D-4ED6-AD88-326F4147D6D8}.Debug|Any CPU.Build.0 = Debug|Any CPU
		{03E84E13-706D-4ED6-AD88-326F4147D6D8}.Release|Any CPU.ActiveCfg = Release|Any CPU
		{03E84E13-706D-4ED6-AD88-326F4147D6D8}.Release|Any CPU.Build.0 = Release|Any CPU
		{BE9C012A-FF93-433E-BC83-33662D09FA87}.Debug|Any CPU.ActiveCfg = Debug|Any CPU
		{BE9C012A-FF93-433E-BC83-33662D09FA87}.Debug|Any CPU.Build.0 = Debug|Any CPU
		{BE9C012A-FF93-433E-BC83-33662D09FA87}.Release|Any CPU.ActiveCfg = Release|Any CPU
		{BE9C012A-FF93-433E-BC83-33662D09FA87}.Release|Any CPU.Build.0 = Release|Any CPU
		{6C6A5618-F06B-41CF-B0FD-F0575EA00ADB}.Debug|Any CPU.ActiveCfg = Debug|Any CPU
		{6C6A5618-F06B-41CF-B0FD-F0575EA00ADB}.Debug|Any CPU.Build.0 = Debug|Any CPU
		{6C6A5618-F06B-41CF-B0FD-F0575EA00ADB}.Release|Any CPU.ActiveCfg = Release|Any CPU
		{6C6A5618-F06B-41CF-B0FD-F0575EA00ADB}.Release|Any CPU.Build.0 = Release|Any CPU
		{8EB5D0EB-449A-4DEB-98BE-E28F74FD5D5E}.Debug|Any CPU.ActiveCfg = Debug|Any CPU
		{8EB5D0EB-449A-4DEB-98BE-E28F74FD5D5E}.Debug|Any CPU.Build.0 = Debug|Any CPU
		{8EB5D0EB-449A-4DEB-98BE-E28F74FD5D5E}.Release|Any CPU.ActiveCfg = Release|Any CPU
		{8EB5D0EB-449A-4DEB-98BE-E28F74FD5D5E}.Release|Any CPU.Build.0 = Release|Any CPU
		{19461E88-51C8-42D5-83B5-275F928573FB}.Debug|Any CPU.ActiveCfg = Debug|Any CPU
		{19461E88-51C8-42D5-83B5-275F928573FB}.Debug|Any CPU.Build.0 = Debug|Any CPU
		{19461E88-51C8-42D5-83B5-275F928573FB}.Release|Any CPU.ActiveCfg = Release|Any CPU
		{19461E88-51C8-42D5-83B5-275F928573FB}.Release|Any CPU.Build.0 = Release|Any CPU
		{A6C8FB5A-6496-4295-844B-F188B22F3C13}.Debug|Any CPU.ActiveCfg = Debug|Any CPU
		{A6C8FB5A-6496-4295-844B-F188B22F3C13}.Debug|Any CPU.Build.0 = Debug|Any CPU
		{A6C8FB5A-6496-4295-844B-F188B22F3C13}.Release|Any CPU.ActiveCfg = Release|Any CPU
		{A6C8FB5A-6496-4295-844B-F188B22F3C13}.Release|Any CPU.Build.0 = Release|Any CPU
		{F64B78EB-5166-40D0-A7E0-9CC71E480E60}.Debug|Any CPU.ActiveCfg = Debug|Any CPU
		{F64B78EB-5166-40D0-A7E0-9CC71E480E60}.Debug|Any CPU.Build.0 = Debug|Any CPU
		{F64B78EB-5166-40D0-A7E0-9CC71E480E60}.Release|Any CPU.ActiveCfg = Release|Any CPU
		{F64B78EB-5166-40D0-A7E0-9CC71E480E60}.Release|Any CPU.Build.0 = Release|Any CPU
	EndGlobalSection
	GlobalSection(SolutionProperties) = preSolution
		HideSolutionNode = FALSE
	EndGlobalSection
	GlobalSection(ExtensibilityGlobals) = postSolution
		SolutionGuid = {17A50C52-D1B2-46E2-95F9-7A2BEB5A4808}
	EndGlobalSection
EndGlobal
